// !$*UTF8*$!
{
	archiveVersion = 1;
	classes = {
	};
	objectVersion = 46;
	objects = {

/* Begin PBXBuildFile section */
		192BDD9A1A8578D4002A260E /* UIKit.framework in Frameworks */ = {isa = PBXBuildFile; fileRef = 192BDD991A8578D4002A260E /* UIKit.framework */; };
		192BDD9C1A857FBA002A260E /* CoreGraphics.framework in Frameworks */ = {isa = PBXBuildFile; fileRef = 192BDD9B1A857FBA002A260E /* CoreGraphics.framework */; };
		193BFC501A85143300CE90B0 /* main.m in Sources */ = {isa = PBXBuildFile; fileRef = 193BFC4F1A85143300CE90B0 /* main.m */; };
		193BFC531A85143300CE90B0 /* AppDelegate.m in Sources */ = {isa = PBXBuildFile; fileRef = 193BFC521A85143300CE90B0 /* AppDelegate.m */; };
		193BFC561A85143300CE90B0 /* ViewController.m in Sources */ = {isa = PBXBuildFile; fileRef = 193BFC551A85143300CE90B0 /* ViewController.m */; };
		193BFC591A85143300CE90B0 /* Main.storyboard in Resources */ = {isa = PBXBuildFile; fileRef = 193BFC571A85143300CE90B0 /* Main.storyboard */; };
		193BFC5B1A85143300CE90B0 /* Images.xcassets in Resources */ = {isa = PBXBuildFile; fileRef = 193BFC5A1A85143300CE90B0 /* Images.xcassets */; };
		193BFC5E1A85143300CE90B0 /* LaunchScreen.xib in Resources */ = {isa = PBXBuildFile; fileRef = 193BFC5C1A85143300CE90B0 /* LaunchScreen.xib */; };
		193BFC751A85159E00CE90B0 /* BorderedButton.m in Sources */ = {isa = PBXBuildFile; fileRef = 193BFC741A85159E00CE90B0 /* BorderedButton.m */; };
/* End PBXBuildFile section */

/* Begin PBXFileReference section */
		192BDD991A8578D4002A260E /* UIKit.framework */ = {isa = PBXFileReference; lastKnownFileType = wrapper.framework; name = UIKit.framework; path = System/Library/Frameworks/UIKit.framework; sourceTree = SDKROOT; };
		192BDD9B1A857FBA002A260E /* CoreGraphics.framework */ = {isa = PBXFileReference; lastKnownFileType = wrapper.framework; name = CoreGraphics.framework; path = System/Library/Frameworks/CoreGraphics.framework; sourceTree = SDKROOT; };
		193BFC4A1A85143300CE90B0 /* BorderedButtonTest.app */ = {isa = PBXFileReference; explicitFileType = wrapper.application; includeInIndex = 0; path = BorderedButtonTest.app; sourceTree = BUILT_PRODUCTS_DIR; };
		193BFC4E1A85143300CE90B0 /* Info.plist */ = {isa = PBXFileReference; lastKnownFileType = text.plist.xml; path = Info.plist; sourceTree = "<group>"; };
		193BFC4F1A85143300CE90B0 /* main.m */ = {isa = PBXFileReference; lastKnownFileType = sourcecode.c.objc; path = main.m; sourceTree = "<group>"; };
		193BFC511A85143300CE90B0 /* AppDelegate.h */ = {isa = PBXFileReference; lastKnownFileType = sourcecode.c.h; path = AppDelegate.h; sourceTree = "<group>"; };
		193BFC521A85143300CE90B0 /* AppDelegate.m */ = {isa = PBXFileReference; lastKnownFileType = sourcecode.c.objc; path = AppDelegate.m; sourceTree = "<group>"; };
		193BFC541A85143300CE90B0 /* ViewController.h */ = {isa = PBXFileReference; lastKnownFileType = sourcecode.c.h; path = ViewController.h; sourceTree = "<group>"; };
		193BFC551A85143300CE90B0 /* ViewController.m */ = {isa = PBXFileReference; lastKnownFileType = sourcecode.c.objc; path = ViewController.m; sourceTree = "<group>"; };
		193BFC581A85143300CE90B0 /* Base */ = {isa = PBXFileReference; lastKnownFileType = file.storyboard; name = Base; path = Base.lproj/Main.storyboard; sourceTree = "<group>"; };
		193BFC5A1A85143300CE90B0 /* Images.xcassets */ = {isa = PBXFileReference; lastKnownFileType = folder.assetcatalog; path = Images.xcassets; sourceTree = "<group>"; };
		193BFC5D1A85143300CE90B0 /* Base */ = {isa = PBXFileReference; lastKnownFileType = file.xib; name = Base; path = Base.lproj/LaunchScreen.xib; sourceTree = "<group>"; };
		193BFC731A85159E00CE90B0 /* BorderedButton.h */ = {isa = PBXFileReference; fileEncoding = 4; lastKnownFileType = sourcecode.c.h; path = BorderedButton.h; sourceTree = "<group>"; };
		193BFC741A85159E00CE90B0 /* BorderedButton.m */ = {isa = PBXFileReference; fileEncoding = 4; lastKnownFileType = sourcecode.c.objc; path = BorderedButton.m; sourceTree = "<group>"; };
/* End PBXFileReference section */

/* Begin PBXFrameworksBuildPhase section */
		193BFC471A85143300CE90B0 /* Frameworks */ = {
			isa = PBXFrameworksBuildPhase;
			buildActionMask = 2147483647;
			files = (
				192BDD9C1A857FBA002A260E /* CoreGraphics.framework in Frameworks */,
				192BDD9A1A8578D4002A260E /* UIKit.framework in Frameworks */,
			);
			runOnlyForDeploymentPostprocessing = 0;
		};
/* End PBXFrameworksBuildPhase section */

/* Begin PBXGroup section */
		193BFC411A85143300CE90B0 = {
			isa = PBXGroup;
			children = (
				192BDD9B1A857FBA002A260E /* CoreGraphics.framework */,
				192BDD991A8578D4002A260E /* UIKit.framework */,
				193BFC4C1A85143300CE90B0 /* BorderedButtonTest */,
				193BFC4B1A85143300CE90B0 /* Products */,
			);
			sourceTree = "<group>";
		};
		193BFC4B1A85143300CE90B0 /* Products */ = {
			isa = PBXGroup;
			children = (
				193BFC4A1A85143300CE90B0 /* BorderedButtonTest.app */,
			);
			name = Products;
			sourceTree = "<group>";
		};
		193BFC4C1A85143300CE90B0 /* BorderedButtonTest */ = {
			isa = PBXGroup;
			children = (
				193BFC511A85143300CE90B0 /* AppDelegate.h */,
				193BFC521A85143300CE90B0 /* AppDelegate.m */,
				193BFC731A85159E00CE90B0 /* BorderedButton.h */,
				193BFC741A85159E00CE90B0 /* BorderedButton.m */,
				193BFC5A1A85143300CE90B0 /* Images.xcassets */,
				193BFC5C1A85143300CE90B0 /* LaunchScreen.xib */,
				193BFC571A85143300CE90B0 /* Main.storyboard */,
				193BFC4D1A85143300CE90B0 /* Supporting Files */,
				193BFC541A85143300CE90B0 /* ViewController.h */,
				193BFC551A85143300CE90B0 /* ViewController.m */,
			);
			path = BorderedButtonTest;
			sourceTree = "<group>";
		};
		193BFC4D1A85143300CE90B0 /* Supporting Files */ = {
			isa = PBXGroup;
			children = (
				193BFC4E1A85143300CE90B0 /* Info.plist */,
				193BFC4F1A85143300CE90B0 /* main.m */,
			);
			name = "Supporting Files";
			sourceTree = "<group>";
		};
/* End PBXGroup section */

/* Begin PBXNativeTarget section */
		193BFC491A85143300CE90B0 /* BorderedButtonTest */ = {
			isa = PBXNativeTarget;
			buildConfigurationList = 193BFC6D1A85143300CE90B0 /* Build configuration list for PBXNativeTarget "BorderedButtonTest" */;
			buildPhases = (
				193BFC461A85143300CE90B0 /* Sources */,
				193BFC471A85143300CE90B0 /* Frameworks */,
				193BFC481A85143300CE90B0 /* Resources */,
			);
			buildRules = (
			);
			dependencies = (
			);
			name = BorderedButtonTest;
			productName = BorderedButtonTest;
			productReference = 193BFC4A1A85143300CE90B0 /* BorderedButtonTest.app */;
			productType = "com.apple.product-type.application";
		};
/* End PBXNativeTarget section */

/* Begin PBXProject section */
		193BFC421A85143300CE90B0 /* Project object */ = {
			isa = PBXProject;
			attributes = {
				LastUpgradeCheck = 0610;
				TargetAttributes = {
					193BFC491A85143300CE90B0 = {
						CreatedOnToolsVersion = 6.1.1;
						DevelopmentTeam = 2N433RCMAD;
					};
				};
			};
			buildConfigurationList = 193BFC451A85143300CE90B0 /* Build configuration list for PBXProject "BorderedButtonTest" */;
			compatibilityVersion = "Xcode 3.2";
			developmentRegion = English;
			hasScannedForEncodings = 0;
			knownRegions = (
				en,
				Base,
			);
			mainGroup = 193BFC411A85143300CE90B0;
			productRefGroup = 193BFC4B1A85143300CE90B0 /* Products */;
			projectDirPath = "";
			projectRoot = "";
			targets = (
				193BFC491A85143300CE90B0 /* BorderedButtonTest */,
			);
		};
/* End PBXProject section */

/* Begin PBXResourcesBuildPhase section */
		193BFC481A85143300CE90B0 /* Resources */ = {
			isa = PBXResourcesBuildPhase;
			buildActionMask = 2147483647;
			files = (
				193BFC591A85143300CE90B0 /* Main.storyboard in Resources */,
				193BFC5E1A85143300CE90B0 /* LaunchScreen.xib in Resources */,
				193BFC5B1A85143300CE90B0 /* Images.xcassets in Resources */,
			);
			runOnlyForDeploymentPostprocessing = 0;
		};
/* End PBXResourcesBuildPhase section */

/* Begin PBXSourcesBuildPhase section */
		193BFC461A85143300CE90B0 /* Sources */ = {
			isa = PBXSourcesBuildPhase;
			buildActionMask = 2147483647;
			files = (
				193BFC561A85143300CE90B0 /* ViewController.m in Sources */,
				193BFC531A85143300CE90B0 /* AppDelegate.m in Sources */,
				193BFC751A85159E00CE90B0 /* BorderedButton.m in Sources */,
				193BFC501A85143300CE90B0 /* main.m in Sources */,
			);
			runOnlyForDeploymentPostprocessing = 0;
		};
/* End PBXSourcesBuildPhase section */

/* Begin PBXVariantGroup section */
		193BFC571A85143300CE90B0 /* Main.storyboard */ = {
			isa = PBXVariantGroup;
			children = (
				193BFC581A85143300CE90B0 /* Base */,
			);
			name = Main.storyboard;
			sourceTree = "<group>";
		};
		193BFC5C1A85143300CE90B0 /* LaunchScreen.xib */ = {
			isa = PBXVariantGroup;
			children = (
				193BFC5D1A85143300CE90B0 /* Base */,
			);
			name = LaunchScreen.xib;
			sourceTree = "<group>";
		};
/* End PBXVariantGroup section */

/* Begin XCBuildConfiguration section */
		193BFC6B1A85143300CE90B0 /* Debug */ = {
			isa = XCBuildConfiguration;
			buildSettings = {
				ALWAYS_SEARCH_USER_PATHS = NO;
				CLANG_CXX_LANGUAGE_STANDARD = "gnu++0x";
				CLANG_CXX_LIBRARY = "libc++";
				CLANG_ENABLE_MODULES = YES;
				CLANG_ENABLE_OBJC_ARC = YES;
				CLANG_WARN_BOOL_CONVERSION = YES;
				CLANG_WARN_CONSTANT_CONVERSION = YES;
				CLANG_WARN_DIRECT_OBJC_ISA_USAGE = YES_ERROR;
				CLANG_WARN_EMPTY_BODY = YES;
				CLANG_WARN_ENUM_CONVERSION = YES;
				CLANG_WARN_INT_CONVERSION = YES;
				CLANG_WARN_OBJC_ROOT_CLASS = YES_ERROR;
				CLANG_WARN_UNREACHABLE_CODE = YES;
				CLANG_WARN__DUPLICATE_METHOD_MATCH = YES;
				"CODE_SIGN_IDENTITY[sdk=iphoneos*]" = "iPhone Developer";
				COPY_PHASE_STRIP = NO;
				ENABLE_STRICT_OBJC_MSGSEND = YES;
				GCC_C_LANGUAGE_STANDARD = gnu99;
				GCC_DYNAMIC_NO_PIC = NO;
				GCC_OPTIMIZATION_LEVEL = 0;
				GCC_PREPROCESSOR_DEFINITIONS = (
					"DEBUG=1",
					"$(inherited)",
				);
				GCC_SYMBOLS_PRIVATE_EXTERN = NO;
				GCC_WARN_64_TO_32_BIT_CONVERSION = YES;
				GCC_WARN_ABOUT_RETURN_TYPE = YES_ERROR;
				GCC_WARN_UNDECLARED_SELECTOR = YES;
				GCC_WARN_UNINITIALIZED_AUTOS = YES_AGGRESSIVE;
				GCC_WARN_UNUSED_FUNCTION = YES;
				GCC_WARN_UNUSED_VARIABLE = YES;
				IPHONEOS_DEPLOYMENT_TARGET = 8.0;
				MTL_ENABLE_DEBUG_INFO = YES;
				ONLY_ACTIVE_ARCH = YES;
				SDKROOT = iphoneos;
				TARGETED_DEVICE_FAMILY = "1,2";
			};
			name = Debug;
		};
		193BFC6C1A85143300CE90B0 /* Release */ = {
			isa = XCBuildConfiguration;
			buildSettings = {
				ALWAYS_SEARCH_USER_PATHS = NO;
				CLANG_CXX_LANGUAGE_STANDARD = "gnu++0x";
				CLANG_CXX_LIBRARY = "libc++";
				CLANG_ENABLE_MODULES = YES;
				CLANG_ENABLE_OBJC_ARC = YES;
				CLANG_WARN_BOOL_CONVERSION = YES;
				CLANG_WARN_CONSTANT_CONVERSION = YES;
				CLANG_WARN_DIRECT_OBJC_ISA_USAGE = YES_ERROR;
				CLANG_WARN_EMPTY_BODY = YES;
				CLANG_WARN_ENUM_CONVERSION = YES;
				CLANG_WARN_INT_CONVERSION = YES;
				CLANG_WARN_OBJC_ROOT_CLASS = YES_ERROR;
				CLANG_WARN_UNREACHABLE_CODE = YES;
				CLANG_WARN__DUPLICATE_METHOD_MATCH = YES;
				"CODE_SIGN_IDENTITY[sdk=iphoneos*]" = "iPhone Developer";
				COPY_PHASE_STRIP = YES;
				ENABLE_NS_ASSERTIONS = NO;
				ENABLE_STRICT_OBJC_MSGSEND = YES;
				GCC_C_LANGUAGE_STANDARD = gnu99;
				GCC_WARN_64_TO_32_BIT_CONVERSION = YES;
				GCC_WARN_ABOUT_RETURN_TYPE = YES_ERROR;
				GCC_WARN_UNDECLARED_SELECTOR = YES;
				GCC_WARN_UNINITIALIZED_AUTOS = YES_AGGRESSIVE;
				GCC_WARN_UNUSED_FUNCTION = YES;
				GCC_WARN_UNUSED_VARIABLE = YES;
				IPHONEOS_DEPLOYMENT_TARGET = 8.0;
				MTL_ENABLE_DEBUG_INFO = NO;
				SDKROOT = iphoneos;
				TARGETED_DEVICE_FAMILY = "1,2";
				VALIDATE_PRODUCT = YES;
			};
			name = Release;
		};
		193BFC6E1A85143300CE90B0 /* Debug */ = {
			isa = XCBuildConfiguration;
			buildSettings = {
				ASSETCATALOG_COMPILER_APPICON_NAME = AppIcon;
				CODE_SIGN_IDENTITY = "iPhone Developer";
				INFOPLIST_FILE = BorderedButtonTest/Info.plist;
				LD_RUNPATH_SEARCH_PATHS = "$(inherited) @executable_path/Frameworks";
				PRODUCT_NAME = "$(TARGET_NAME)";
			};
			name = Debug;
		};
		193BFC6F1A85143300CE90B0 /* Release */ = {
			isa = XCBuildConfiguration;
			buildSettings = {
				ASSETCATALOG_COMPILER_APPICON_NAME = AppIcon;
				CODE_SIGN_IDENTITY = "iPhone Developer";
				INFOPLIST_FILE = BorderedButtonTest/Info.plist;
				LD_RUNPATH_SEARCH_PATHS = "$(inherited) @executable_path/Frameworks";
				PRODUCT_NAME = "$(TARGET_NAME)";
			};
			name = Release;
		};
/* End XCBuildConfiguration section */

/* Begin XCConfigurationList section */
		193BFC451A85143300CE90B0 /* Build configuration list for PBXProject "BorderedButtonTest" */ = {
			isa = XCConfigurationList;
			buildConfigurations = (
				193BFC6B1A85143300CE90B0 /* Debug */,
				193BFC6C1A85143300CE90B0 /* Release */,
			);
			defaultConfigurationIsVisible = 0;
			defaultConfigurationName = Release;
		};
		193BFC6D1A85143300CE90B0 /* Build configuration list for PBXNativeTarget "BorderedButtonTest" */ = {
			isa = XCConfigurationList;
			buildConfigurations = (
				193BFC6E1A85143300CE90B0 /* Debug */,
				193BFC6F1A85143300CE90B0 /* Release */,
			);
			defaultConfigurationIsVisible = 0;
			defaultConfigurationName = Release;
		};
/* End XCConfigurationList section */
	};
	rootObject = 193BFC421A85143300CE90B0 /* Project object */;
}
